
Microsoft Visual Studio Solution File, Format Version 12.00
# Visual Studio Version 17
VisualStudioVersion = 17.4.33213.308
MinimumVisualStudioVersion = 10.0.40219.1
Project("{9A19103F-16F7-4668-BE54-9A1E7A4F7556}") = "EurovisionApp.Wasm", "EurovisionApp.Wasm\EurovisionApp.Wasm.csproj", "{5A3007EC-1478-4160-8169-156D1BFB422C}"
EndProject
Project("{9A19103F-16F7-4668-BE54-9A1E7A4F7556}") = "EurovisionApp.Common", "EurovisionApp.Common\EurovisionApp.Common.csproj", "{8D770568-04DF-4FE3-ABC9-44668F220080}"
EndProject
Project("{FAE04EC0-301F-11D3-BF4B-00C04F79EFBC}") = "EurovisionApp.Maui", "EurovisionApp.Maui\EurovisionApp.Maui.csproj", "{4817DE31-FD71-4C04-AD6F-E29D182A2489}"
EndProject
Global
	GlobalSection(SolutionConfigurationPlatforms) = preSolution
		Debug|Any CPU = Debug|Any CPU
		Release|Any CPU = Release|Any CPU
	EndGlobalSection
	GlobalSection(ProjectConfigurationPlatforms) = postSolution
		{5A3007EC-1478-4160-8169-156D1BFB422C}.Debug|Any CPU.ActiveCfg = Debug|Any CPU
		{5A3007EC-1478-4160-8169-156D1BFB422C}.Debug|Any CPU.Build.0 = Debug|Any CPU
		{5A3007EC-1478-4160-8169-156D1BFB422C}.Release|Any CPU.ActiveCfg = Release|Any CPU
		{5A3007EC-1478-4160-8169-156D1BFB422C}.Release|Any CPU.Build.0 = Release|Any CPU
		{8D770568-04DF-4FE3-ABC9-44668F220080}.Debug|Any CPU.ActiveCfg = Debug|Any CPU
		{8D770568-04DF-4FE3-ABC9-44668F220080}.Debug|Any CPU.Build.0 = Debug|Any CPU
		{8D770568-04DF-4FE3-ABC9-44668F220080}.Release|Any CPU.ActiveCfg = Release|Any CPU
		{8D770568-04DF-4FE3-ABC9-44668F220080}.Release|Any CPU.Build.0 = Release|Any CPU
		{4817DE31-FD71-4C04-AD6F-E29D182A2489}.Debug|Any CPU.ActiveCfg = Debug|Any CPU
		{4817DE31-FD71-4C04-AD6F-E29D182A2489}.Debug|Any CPU.Build.0 = Debug|Any CPU
		{4817DE31-FD71-4C04-AD6F-E29D182A2489}.Debug|Any CPU.Deploy.0 = Debug|Any CPU
		{4817DE31-FD71-4C04-AD6F-E29D182A2489}.Release|Any CPU.ActiveCfg = Release|Any CPU
		{4817DE31-FD71-4C04-AD6F-E29D182A2489}.Release|Any CPU.Build.0 = Release|Any CPU
		{4817DE31-FD71-4C04-AD6F-E29D182A2489}.Release|Any CPU.Deploy.0 = Release|Any CPU
	EndGlobalSection
	GlobalSection(SolutionProperties) = preSolution
		HideSolutionNode = FALSE
	EndGlobalSection
	GlobalSection(ExtensibilityGlobals) = postSolution
		SolutionGuid = {B3CE51E1-7DD8-4F85-A661-F31233BCDE1C}
	EndGlobalSection
EndGlobal
